
Microsoft Visual Studio Solution File, Format Version 12.00
# Visual Studio Version 16
VisualStudioVersion = 16.0.31729.503
MinimumVisualStudioVersion = 10.0.40219.1
Project("{FAE04EC0-301F-11D3-BF4B-00C04F79EFBC}") = "Exemplo01", "Exemplo01\Exemplo01.csproj", "{2490D276-E31F-4EC2-BD89-7833FE0667FE}"
EndProject
Global
	GlobalSection(SolutionConfigurationPlatforms) = preSolution
		Debug|Any CPU = Debug|Any CPU
		Release|Any CPU = Release|Any CPU
	EndGlobalSection
	GlobalSection(ProjectConfigurationPlatforms) = postSolution
		{2490D276-E31F-4EC2-BD89-7833FE0667FE}.Debug|Any CPU.ActiveCfg = Debug|Any CPU
		{2490D276-E31F-4EC2-BD89-7833FE0667FE}.Debug|Any CPU.Build.0 = Debug|Any CPU
		{2490D276-E31F-4EC2-BD89-7833FE0667FE}.Release|Any CPU.ActiveCfg = Release|Any CPU
		{2490D276-E31F-4EC2-BD89-7833FE0667FE}.Release|Any CPU.Build.0 = Release|Any CPU
	EndGlobalSection
	GlobalSection(SolutionProperties) = preSolution
		HideSolutionNode = FALSE
	EndGlobalSection
	GlobalSection(ExtensibilityGlobals) = postSolution
		SolutionGuid = {A516DBB2-07A2-4015-98D8-3BE9C3400CC9}
	EndGlobalSection
EndGlobal
