
Microsoft Visual Studio Solution File, Format Version 12.00
# Visual Studio Version 16
VisualStudioVersion = 16.0.31729.503
MinimumVisualStudioVersion = 10.0.40219.1
Project("{FAE04EC0-301F-11D3-BF4B-00C04F79EFBC}") = "Aula_22_10_2021", "Aula_22_10_2021\Aula_22_10_2021.csproj", "{EE3BD102-74A3-409C-80A9-ACA683FD7963}"
EndProject
Global
	GlobalSection(SolutionConfigurationPlatforms) = preSolution
		Debug|Any CPU = Debug|Any CPU
		Release|Any CPU = Release|Any CPU
	EndGlobalSection
	GlobalSection(ProjectConfigurationPlatforms) = postSolution
		{EE3BD102-74A3-409C-80A9-ACA683FD7963}.Debug|Any CPU.ActiveCfg = Debug|Any CPU
		{EE3BD102-74A3-409C-80A9-ACA683FD7963}.Debug|Any CPU.Build.0 = Debug|Any CPU
		{EE3BD102-74A3-409C-80A9-ACA683FD7963}.Release|Any CPU.ActiveCfg = Release|Any CPU
		{EE3BD102-74A3-409C-80A9-ACA683FD7963}.Release|Any CPU.Build.0 = Release|Any CPU
	EndGlobalSection
	GlobalSection(SolutionProperties) = preSolution
		HideSolutionNode = FALSE
	EndGlobalSection
	GlobalSection(ExtensibilityGlobals) = postSolution
		SolutionGuid = {6F70D08F-B241-4D6D-9B30-FAFFE7D98600}
	EndGlobalSection
EndGlobal
